
Microsoft Visual Studio Solution File, Format Version 12.00
# Visual Studio Version 17
VisualStudioVersion = 17.11.35312.102
MinimumVisualStudioVersion = 10.0.40219.1
Project("{FAE04EC0-301F-11D3-BF4B-00C04F79EFBC}") = "minicoreback", "minicoreback.csproj", "{43974053-9B94-46C4-91DE-76EC0AA08153}"
EndProject
Global
	GlobalSection(SolutionConfigurationPlatforms) = preSolution
		Debug|Any CPU = Debug|Any CPU
		Release|Any CPU = Release|Any CPU
	EndGlobalSection
	GlobalSection(ProjectConfigurationPlatforms) = postSolution
		{43974053-9B94-46C4-91DE-76EC0AA08153}.Debug|Any CPU.ActiveCfg = Debug|Any CPU
		{43974053-9B94-46C4-91DE-76EC0AA08153}.Debug|Any CPU.Build.0 = Debug|Any CPU
		{43974053-9B94-46C4-91DE-76EC0AA08153}.Release|Any CPU.ActiveCfg = Release|Any CPU
		{43974053-9B94-46C4-91DE-76EC0AA08153}.Release|Any CPU.Build.0 = Release|Any CPU
	EndGlobalSection
	GlobalSection(SolutionProperties) = preSolution
		HideSolutionNode = FALSE
	EndGlobalSection
	GlobalSection(ExtensibilityGlobals) = postSolution
		SolutionGuid = {25DE48CB-0069-4808-8122-08A631A2D194}
	EndGlobalSection
EndGlobal
